
Microsoft Visual Studio Solution File, Format Version 12.00
# Visual Studio 15
VisualStudioVersion = 15.0.27004.2002
MinimumVisualStudioVersion = 10.0.40219.1
Project("{8BC9CEB8-8B4A-11D0-8D11-00A0C91BC942}") = "SFMLFirstProject", "SFMLFirstProject\SFMLFirstProject.vcxproj", "{4B6E57D5-236D-4932-83EA-D2B197720880}"
EndProject
Global
	GlobalSection(SolutionConfigurationPlatforms) = preSolution
		Debug|x64 = Debug|x64
		Debug|x86 = Debug|x86
		Release|x64 = Release|x64
		Release|x86 = Release|x86
	EndGlobalSection
	GlobalSection(ProjectConfigurationPlatforms) = postSolution
		{4B6E57D5-236D-4932-83EA-D2B197720880}.Debug|x64.ActiveCfg = Debug|x64
		{4B6E57D5-236D-4932-83EA-D2B197720880}.Debug|x64.Build.0 = Debug|x64
		{4B6E57D5-236D-4932-83EA-D2B197720880}.Debug|x86.ActiveCfg = Debug|Win32
		{4B6E57D5-236D-4932-83EA-D2B197720880}.Debug|x86.Build.0 = Debug|Win32
		{4B6E57D5-236D-4932-83EA-D2B197720880}.Release|x64.ActiveCfg = Release|x64
		{4B6E57D5-236D-4932-83EA-D2B197720880}.Release|x64.Build.0 = Release|x64
		{4B6E57D5-236D-4932-83EA-D2B197720880}.Release|x86.ActiveCfg = Release|Win32
		{4B6E57D5-236D-4932-83EA-D2B197720880}.Release|x86.Build.0 = Release|Win32
	EndGlobalSection
	GlobalSection(SolutionProperties) = preSolution
		HideSolutionNode = FALSE
	EndGlobalSection
	GlobalSection(ExtensibilityGlobals) = postSolution
		SolutionGuid = {4C567587-CEDD-4BFF-A3E7-295A3721AAAD}
	EndGlobalSection
EndGlobal
