<?xml version="1.0" encoding="utf-8"?>
<Project ToolsVersion="4.0" xmlns="http://schemas.microsoft.com/developer/msbuild/2003">
  <ItemGroup>
    <ClCompile Include="Source\Week2-Demo3-main.cpp">
      <Filter>Source</Filter>
    </ClCompile>
    <ClCompile Include="Source\Game.cpp">
      <Filter>Source</Filter>
    </ClCompile>
    <ClCompile Include="Source\TextureHolder.cpp">
      <Filter>Source</Filter>
    </ClCompile>
  </ItemGroup>
  <ItemGroup>
    <Filter Include="Source">
      <UniqueIdentifier>{244f68df-9da7-4bb2-b0ad-52234b597041}</UniqueIdentifier>
    </Filter>
    <Filter Include="Header files">
      <UniqueIdentifier>{0aeb3e6d-2724-4ad9-bb38-40fa5ed7c533}</UniqueIdentifier>
    </Filter>
  </ItemGroup>
  <ItemGroup>
    <ClInclude Include="Include\Game.hpp">
      <Filter>Header files</Filter>
    </ClInclude>
    <ClInclude Include="Include\TextureHolder.hpp">
      <Filter>Header files</Filter>
    </ClInclude>
  </ItemGroup>
</Project>